{
  "nodes": {
    "blink-cmp": {
      "inputs": {
        "fenix": "fenix",
        "flake-parts": "flake-parts",
        "nixpkgs": [
          "nixvim",
          "nixpkgs"
        ]
      },
      "locked": {
        "lastModified": 1730056977,
        "narHash": "sha256-uiZX6iUpLAUiDqphhsoj59MK5SlPyWdCsVSCm37uiqs=",
        "owner": "Saghen",
        "repo": "blink.cmp",
        "rev": "1a55fd1e03193e10cb8bc866cc2bc47c9473061c",
        "type": "github"
      },
      "original": {
        "owner": "Saghen",
        "repo": "blink.cmp",
        "type": "github"
      }
    },
    "fenix": {
      "inputs": {
        "nixpkgs": [
          "nixvim",
          "blink-cmp",
          "nixpkgs"
        ],
        "rust-analyzer-src": "rust-analyzer-src"
      },
      "locked": {
        "lastModified": 1730010749,
        "narHash": "sha256-UBckyKItSD0z50+3YQOqfOuyvUI7UjPHiLbOPFUolqo=",
        "owner": "nix-community",
        "repo": "fenix",
        "rev": "5fa09829e74070c1e83b2aaa50b71bbc6da3f37c",
        "type": "github"
      },
      "original": {
        "owner": "nix-community",
        "repo": "fenix",
        "type": "github"
      }
    },
    "flake-compat": {
      "flake": false,
      "locked": {
        "lastModified": 1696426674,
        "narHash": "sha256-kvjfFW7WAETZlt09AgDn1MrtKzP7t90Vf7vypd3OL1U=",
        "owner": "edolstra",
        "repo": "flake-compat",
        "rev": "0f9255e01c2351cc7d116c072cb317785dd33b33",
        "type": "github"
      },
      "original": {
        "owner": "edolstra",
        "repo": "flake-compat",
        "type": "github"
      }
    },
    "flake-parts": {
      "inputs": {
        "nixpkgs-lib": "nixpkgs-lib"
      },
      "locked": {
        "lastModified": 1727826117,
        "narHash": "sha256-K5ZLCyfO/Zj9mPFldf3iwS6oZStJcU4tSpiXTMYaaL0=",
        "owner": "hercules-ci",
        "repo": "flake-parts",
        "rev": "3d04084d54bedc3d6b8b736c70ef449225c361b1",
        "type": "github"
      },
      "original": {
        "owner": "hercules-ci",
        "repo": "flake-parts",
        "type": "github"
      }
    },
    "home-manager": {
      "inputs": {
        "nixpkgs": [
          "nixpkgs"
        ]
      },
      "locked": {
        "lastModified": 1732482255,
        "narHash": "sha256-GUffLwzawz5WRVfWaWCg78n/HrBJrOG7QadFY6rtV8A=",
        "owner": "nix-community",
        "repo": "home-manager",
        "rev": "a9953635d7f34e7358d5189751110f87e3ac17da",
        "type": "github"
      },
      "original": {
        "owner": "nix-community",
        "repo": "home-manager",
        "type": "github"
      }
    },
    "nixCats": {
      "locked": {
        "lastModified": 1730063105,
        "narHash": "sha256-GWC9E6A+BOVgTSfZ2UyiHtU4Y438dYz4GpeW3b0rlU0=",
        "owner": "BirdeeHub",
        "repo": "nixCats-nvim",
        "rev": "765810b6c14fd581f906d1ac9b2514a6047242ff",
        "type": "github"
      },
      "original": {
        "owner": "BirdeeHub",
        "repo": "nixCats-nvim",
        "type": "github"
      }
    },
    "nixpkgs": {
      "locked": {
        "lastModified": 0,
        "narHash": "sha256-gI9kkaH0ZjakJOKrdjaI/VbaMEo9qBbSUl93DnU7f4c=",
        "path": "/nix/store/cjz8w4dgc3rd2n3dqv5c208vygndjyba-source",
        "type": "path"
      },
      "original": {
        "id": "nixpkgs",
        "type": "indirect"
      }
    },
    "nixpkgs-lib": {
      "locked": {
        "lastModified": 1727825735,
        "narHash": "sha256-0xHYkMkeLVQAMa7gvkddbPqpxph+hDzdu1XdGPJR+Os=",
        "type": "tarball",
        "url": "https://github.com/NixOS/nixpkgs/archive/fb192fec7cc7a4c26d51779e9bab07ce6fa5597a.tar.gz"
      },
      "original": {
        "type": "tarball",
        "url": "https://github.com/NixOS/nixpkgs/archive/fb192fec7cc7a4c26d51779e9bab07ce6fa5597a.tar.gz"
      }
    },
    "nixpkgs_2": {
      "locked": {
        "lastModified": 1729980323,
        "narHash": "sha256-eWPRZAlhf446bKSmzw6x7RWEE4IuZgAp8NW3eXZwRAY=",
        "owner": "nixos",
        "repo": "nixpkgs",
        "rev": "86e78d3d2084ff87688da662cf78c2af085d8e73",
        "type": "github"
      },
      "original": {
        "owner": "nixos",
        "ref": "nixpkgs-unstable",
        "repo": "nixpkgs",
        "type": "github"
      }
    },
    "nixvim": {
      "inputs": {
        "blink-cmp": "blink-cmp",
        "nixCats": "nixCats",
        "nixpkgs": "nixpkgs_2",
        "plugins-lsp-progress": "plugins-lsp-progress",
        "plugins-typst-preview": "plugins-typst-preview"
      },
      "locked": {
        "lastModified": 1732647323,
        "narHash": "sha256-kvGiJ3ANwrvxbQVNHPhnimOBxQXnAaUvL9yJKwkmgBs=",
        "owner": "kaitotlex",
        "repo": "vix1",
        "rev": "ab175943cfd30f34dc74693203293c42b3dc9406",
        "type": "github"
      },
      "original": {
        "owner": "kaitotlex",
        "repo": "vix1",
        "type": "github"
      }
    },
    "plugins-lsp-progress": {
      "flake": false,
      "locked": {
        "lastModified": 1721008335,
        "narHash": "sha256-OafRT5AnxRTOh7MYofRFjti0+pobKQihymZs/kr5w0A=",
        "owner": "linrongbin16",
        "repo": "lsp-progress.nvim",
        "rev": "d5f4d28efe75ce636bfbe271eb45f39689765aab",
        "type": "github"
      },
      "original": {
        "owner": "linrongbin16",
        "repo": "lsp-progress.nvim",
        "type": "github"
      }
    },
    "plugins-typst-preview": {
      "flake": false,
      "locked": {
        "lastModified": 1729754430,
        "narHash": "sha256-oBJ+G4jTQw6+MF/SMwaTkGlLQuYLbaAFqJkexf45I1g=",
        "owner": "chomosuke",
        "repo": "typst-preview.nvim",
        "rev": "06778d1b3d4d29c34f1faf80947b586f403689ba",
        "type": "github"
      },
      "original": {
        "owner": "chomosuke",
        "repo": "typst-preview.nvim",
        "type": "github"
      }
    },
    "root": {
      "inputs": {
        "home-manager": "home-manager",
        "nixpkgs": "nixpkgs",
        "nixvim": "nixvim",
        "spicetify": "spicetify"
      }
    },
    "rust-analyzer-src": {
      "flake": false,
      "locked": {
        "lastModified": 1729923686,
        "narHash": "sha256-Tc+5E/UmjpXlYGQQ6X2nGDv6J6VQgZ+pVOJLcNCIVQc=",
        "owner": "rust-lang",
        "repo": "rust-analyzer",
        "rev": "26d2fbaef2d68a2fccf55d725915188c2634439a",
        "type": "github"
      },
      "original": {
        "owner": "rust-lang",
        "ref": "nightly",
        "repo": "rust-analyzer",
        "type": "github"
      }
    },
    "spicetify": {
      "inputs": {
        "flake-compat": "flake-compat",
        "nixpkgs": [
          "nixpkgs"
        ]
      },
      "locked": {
        "lastModified": 1732594596,
        "narHash": "sha256-XGAdvRhat+DST+bRBsGYYyno9MKMUCPu6/KTKnRgpj4=",
        "owner": "Gerg-L",
        "repo": "spicetify-nix",
        "rev": "626e9d49eb7f5122a60e0500f08051267484ebee",
        "type": "github"
      },
      "original": {
        "owner": "Gerg-L",
        "repo": "spicetify-nix",
        "type": "github"
      }
    }
  },
  "root": "root",
  "version": 7
}
